
Microsoft Visual Studio Solution File, Format Version 12.00
# Visual Studio Version 16
VisualStudioVersion = 16.0.29613.14
MinimumVisualStudioVersion = 10.0.40219.1
Project("{9A19103F-16F7-4668-BE54-9A1E7A4F7556}") = "Lacture1", "Lacture1\Lacture1.csproj", "{016FBEE6-C18E-484C-9B88-274589B9D979}"
EndProject
Project("{FAE04EC0-301F-11D3-BF4B-00C04F79EFBC}") = "Practical1", "Practical1\Practical1.csproj", "{ACF4CAC6-9AFB-4A20-B679-06D57CB4CBB5}"
EndProject
Project("{FAE04EC0-301F-11D3-BF4B-00C04F79EFBC}") = "Practical4", "Practical4\Practical4.csproj", "{9BE146F1-CE45-4370-A4CE-B09F4DA4B171}"
EndProject
Project("{FAE04EC0-301F-11D3-BF4B-00C04F79EFBC}") = "Practical2", "Practical2\Practical2.csproj", "{650208DE-60E8-4AA9-9376-F26E83EEBC60}"
EndProject
Project("{FAE04EC0-301F-11D3-BF4B-00C04F79EFBC}") = "Practical3", "Practical3\Practical3.csproj", "{87B41683-8495-4D3D-A86C-8C4A40ED146D}"
EndProject
Global
	GlobalSection(SolutionConfigurationPlatforms) = preSolution
		Debug|Any CPU = Debug|Any CPU
		Debug|x86 = Debug|x86
		Release|Any CPU = Release|Any CPU
		Release|x86 = Release|x86
	EndGlobalSection
	GlobalSection(ProjectConfigurationPlatforms) = postSolution
		{016FBEE6-C18E-484C-9B88-274589B9D979}.Debug|Any CPU.ActiveCfg = Debug|Any CPU
		{016FBEE6-C18E-484C-9B88-274589B9D979}.Debug|Any CPU.Build.0 = Debug|Any CPU
		{016FBEE6-C18E-484C-9B88-274589B9D979}.Debug|x86.ActiveCfg = Debug|Any CPU
		{016FBEE6-C18E-484C-9B88-274589B9D979}.Debug|x86.Build.0 = Debug|Any CPU
		{016FBEE6-C18E-484C-9B88-274589B9D979}.Release|Any CPU.ActiveCfg = Release|Any CPU
		{016FBEE6-C18E-484C-9B88-274589B9D979}.Release|Any CPU.Build.0 = Release|Any CPU
		{016FBEE6-C18E-484C-9B88-274589B9D979}.Release|x86.ActiveCfg = Release|Any CPU
		{016FBEE6-C18E-484C-9B88-274589B9D979}.Release|x86.Build.0 = Release|Any CPU
		{ACF4CAC6-9AFB-4A20-B679-06D57CB4CBB5}.Debug|Any CPU.ActiveCfg = Debug|Any CPU
		{ACF4CAC6-9AFB-4A20-B679-06D57CB4CBB5}.Debug|Any CPU.Build.0 = Debug|Any CPU
		{ACF4CAC6-9AFB-4A20-B679-06D57CB4CBB5}.Debug|x86.ActiveCfg = Debug|Any CPU
		{ACF4CAC6-9AFB-4A20-B679-06D57CB4CBB5}.Debug|x86.Build.0 = Debug|Any CPU
		{ACF4CAC6-9AFB-4A20-B679-06D57CB4CBB5}.Release|Any CPU.ActiveCfg = Release|Any CPU
		{ACF4CAC6-9AFB-4A20-B679-06D57CB4CBB5}.Release|Any CPU.Build.0 = Release|Any CPU
		{ACF4CAC6-9AFB-4A20-B679-06D57CB4CBB5}.Release|x86.ActiveCfg = Release|Any CPU
		{ACF4CAC6-9AFB-4A20-B679-06D57CB4CBB5}.Release|x86.Build.0 = Release|Any CPU
		{9BE146F1-CE45-4370-A4CE-B09F4DA4B171}.Debug|Any CPU.ActiveCfg = Debug|Any CPU
		{9BE146F1-CE45-4370-A4CE-B09F4DA4B171}.Debug|Any CPU.Build.0 = Debug|Any CPU
		{9BE146F1-CE45-4370-A4CE-B09F4DA4B171}.Debug|x86.ActiveCfg = Debug|Any CPU
		{9BE146F1-CE45-4370-A4CE-B09F4DA4B171}.Debug|x86.Build.0 = Debug|Any CPU
		{9BE146F1-CE45-4370-A4CE-B09F4DA4B171}.Release|Any CPU.ActiveCfg = Release|Any CPU
		{9BE146F1-CE45-4370-A4CE-B09F4DA4B171}.Release|Any CPU.Build.0 = Release|Any CPU
		{9BE146F1-CE45-4370-A4CE-B09F4DA4B171}.Release|x86.ActiveCfg = Release|Any CPU
		{9BE146F1-CE45-4370-A4CE-B09F4DA4B171}.Release|x86.Build.0 = Release|Any CPU
		{650208DE-60E8-4AA9-9376-F26E83EEBC60}.Debug|Any CPU.ActiveCfg = Debug|Any CPU
		{650208DE-60E8-4AA9-9376-F26E83EEBC60}.Debug|Any CPU.Build.0 = Debug|Any CPU
		{650208DE-60E8-4AA9-9376-F26E83EEBC60}.Debug|x86.ActiveCfg = Debug|Any CPU
		{650208DE-60E8-4AA9-9376-F26E83EEBC60}.Debug|x86.Build.0 = Debug|Any CPU
		{650208DE-60E8-4AA9-9376-F26E83EEBC60}.Release|Any CPU.ActiveCfg = Release|Any CPU
		{650208DE-60E8-4AA9-9376-F26E83EEBC60}.Release|Any CPU.Build.0 = Release|Any CPU
		{650208DE-60E8-4AA9-9376-F26E83EEBC60}.Release|x86.ActiveCfg = Release|Any CPU
		{650208DE-60E8-4AA9-9376-F26E83EEBC60}.Release|x86.Build.0 = Release|Any CPU
		{87B41683-8495-4D3D-A86C-8C4A40ED146D}.Debug|Any CPU.ActiveCfg = Debug|Any CPU
		{87B41683-8495-4D3D-A86C-8C4A40ED146D}.Debug|Any CPU.Build.0 = Debug|Any CPU
		{87B41683-8495-4D3D-A86C-8C4A40ED146D}.Debug|x86.ActiveCfg = Debug|Any CPU
		{87B41683-8495-4D3D-A86C-8C4A40ED146D}.Debug|x86.Build.0 = Debug|Any CPU
		{87B41683-8495-4D3D-A86C-8C4A40ED146D}.Release|Any CPU.ActiveCfg = Release|Any CPU
		{87B41683-8495-4D3D-A86C-8C4A40ED146D}.Release|Any CPU.Build.0 = Release|Any CPU
		{87B41683-8495-4D3D-A86C-8C4A40ED146D}.Release|x86.ActiveCfg = Release|Any CPU
		{87B41683-8495-4D3D-A86C-8C4A40ED146D}.Release|x86.Build.0 = Release|Any CPU
	EndGlobalSection
	GlobalSection(SolutionProperties) = preSolution
		HideSolutionNode = FALSE
	EndGlobalSection
	GlobalSection(ExtensibilityGlobals) = postSolution
		SolutionGuid = {FC886090-EE6A-4EEA-BAEF-D5442840841B}
	EndGlobalSection
EndGlobal
