
Microsoft Visual Studio Solution File, Format Version 12.00
# Visual Studio Version 16
VisualStudioVersion = 16.0.29613.14
MinimumVisualStudioVersion = 10.0.40219.1
Project("{FAE04EC0-301F-11D3-BF4B-00C04F79EFBC}") = "Assignment1", "Assignment1\Assignment1.csproj", "{1D0BDF92-A5EB-4642-BC45-C478E0C40794}"
EndProject
Project("{FAE04EC0-301F-11D3-BF4B-00C04F79EFBC}") = "Assignment2", "Assignment2\Assignment2.csproj", "{D45DA7D9-5089-47EE-BDF1-996DDADFB921}"
EndProject
Global
	GlobalSection(SolutionConfigurationPlatforms) = preSolution
		Debug|Any CPU = Debug|Any CPU
		Debug|x86 = Debug|x86
		Release|Any CPU = Release|Any CPU
		Release|x86 = Release|x86
	EndGlobalSection
	GlobalSection(ProjectConfigurationPlatforms) = postSolution
		{1D0BDF92-A5EB-4642-BC45-C478E0C40794}.Debug|Any CPU.ActiveCfg = Debug|x86
		{1D0BDF92-A5EB-4642-BC45-C478E0C40794}.Debug|x86.ActiveCfg = Debug|x86
		{1D0BDF92-A5EB-4642-BC45-C478E0C40794}.Debug|x86.Build.0 = Debug|x86
		{1D0BDF92-A5EB-4642-BC45-C478E0C40794}.Release|Any CPU.ActiveCfg = Release|x86
		{1D0BDF92-A5EB-4642-BC45-C478E0C40794}.Release|x86.ActiveCfg = Release|x86
		{1D0BDF92-A5EB-4642-BC45-C478E0C40794}.Release|x86.Build.0 = Release|x86
		{D45DA7D9-5089-47EE-BDF1-996DDADFB921}.Debug|Any CPU.ActiveCfg = Debug|Any CPU
		{D45DA7D9-5089-47EE-BDF1-996DDADFB921}.Debug|Any CPU.Build.0 = Debug|Any CPU
		{D45DA7D9-5089-47EE-BDF1-996DDADFB921}.Debug|x86.ActiveCfg = Debug|Any CPU
		{D45DA7D9-5089-47EE-BDF1-996DDADFB921}.Debug|x86.Build.0 = Debug|Any CPU
		{D45DA7D9-5089-47EE-BDF1-996DDADFB921}.Release|Any CPU.ActiveCfg = Release|Any CPU
		{D45DA7D9-5089-47EE-BDF1-996DDADFB921}.Release|Any CPU.Build.0 = Release|Any CPU
		{D45DA7D9-5089-47EE-BDF1-996DDADFB921}.Release|x86.ActiveCfg = Release|Any CPU
		{D45DA7D9-5089-47EE-BDF1-996DDADFB921}.Release|x86.Build.0 = Release|Any CPU
	EndGlobalSection
	GlobalSection(SolutionProperties) = preSolution
		HideSolutionNode = FALSE
	EndGlobalSection
	GlobalSection(ExtensibilityGlobals) = postSolution
		SolutionGuid = {FC886090-EE6A-4EEA-BAEF-D5442840841B}
	EndGlobalSection
EndGlobal
